// !$*UTF8*$!
{
	archiveVersion = 1;
	classes = {
	};
	objectVersion = 46;
	objects = {

/* Begin PBXBuildFile section */
		64F8EEDB158F6DEA007DBAF2 /* UIKit.framework in Frameworks */ = {isa = PBXBuildFile; fileRef = 64F8EEDA158F6DEA007DBAF2 /* UIKit.framework */; };
		64F8EEDD158F6DEA007DBAF2 /* Foundation.framework in Frameworks */ = {isa = PBXBuildFile; fileRef = 64F8EEDC158F6DEA007DBAF2 /* Foundation.framework */; };
		64F8EEDF158F6DEA007DBAF2 /* CoreGraphics.framework in Frameworks */ = {isa = PBXBuildFile; fileRef = 64F8EEDE158F6DEA007DBAF2 /* CoreGraphics.framework */; };
		64F8EEE5158F6DEA007DBAF2 /* InfoPlist.strings in Resources */ = {isa = PBXBuildFile; fileRef = 64F8EEE3158F6DEA007DBAF2 /* InfoPlist.strings */; };
		64F8EEE7158F6DEA007DBAF2 /* main.m in Sources */ = {isa = PBXBuildFile; fileRef = 64F8EEE6158F6DEA007DBAF2 /* main.m */; };
		64F8EEEB158F6DEA007DBAF2 /* AppDelegate.m in Sources */ = {isa = PBXBuildFile; fileRef = 64F8EEEA158F6DEA007DBAF2 /* AppDelegate.m */; };
		64F8EEEE158F6DEA007DBAF2 /* FirstViewController.m in Sources */ = {isa = PBXBuildFile; fileRef = 64F8EEED158F6DEA007DBAF2 /* FirstViewController.m */; };
		64F8EEF0158F6DEA007DBAF2 /* first.png in Resources */ = {isa = PBXBuildFile; fileRef = 64F8EEEF158F6DEA007DBAF2 /* first.png */; };
		64F8EEF2158F6DEA007DBAF2 /* first@2x.png in Resources */ = {isa = PBXBuildFile; fileRef = 64F8EEF1158F6DEA007DBAF2 /* first@2x.png */; };
		64F8EEF5158F6DEA007DBAF2 /* SecondViewController.m in Sources */ = {isa = PBXBuildFile; fileRef = 64F8EEF4158F6DEA007DBAF2 /* SecondViewController.m */; };
		64F8EEF7158F6DEA007DBAF2 /* second.png in Resources */ = {isa = PBXBuildFile; fileRef = 64F8EEF6158F6DEA007DBAF2 /* second.png */; };
		64F8EEF9158F6DEA007DBAF2 /* second@2x.png in Resources */ = {isa = PBXBuildFile; fileRef = 64F8EEF8158F6DEA007DBAF2 /* second@2x.png */; };
		64F8EEFC158F6DEA007DBAF2 /* FirstViewController.xib in Resources */ = {isa = PBXBuildFile; fileRef = 64F8EEFA158F6DEA007DBAF2 /* FirstViewController.xib */; };
		64F8EEFF158F6DEA007DBAF2 /* SecondViewController.xib in Resources */ = {isa = PBXBuildFile; fileRef = 64F8EEFD158F6DEA007DBAF2 /* SecondViewController.xib */; };
/* End PBXBuildFile section */

/* Begin PBXFileReference section */
		64F8EED6158F6DEA007DBAF2 /* iOS_AR_Ch3_LocationServices.app */ = {isa = PBXFileReference; explicitFileType = wrapper.application; includeInIndex = 0; path = iOS_AR_Ch3_LocationServices.app; sourceTree = BUILT_PRODUCTS_DIR; };
		64F8EEDA158F6DEA007DBAF2 /* UIKit.framework */ = {isa = PBXFileReference; lastKnownFileType = wrapper.framework; name = UIKit.framework; path = System/Library/Frameworks/UIKit.framework; sourceTree = SDKROOT; };
		64F8EEDC158F6DEA007DBAF2 /* Foundation.framework */ = {isa = PBXFileReference; lastKnownFileType = wrapper.framework; name = Foundation.framework; path = System/Library/Frameworks/Foundation.framework; sourceTree = SDKROOT; };
		64F8EEDE158F6DEA007DBAF2 /* CoreGraphics.framework */ = {isa = PBXFileReference; lastKnownFileType = wrapper.framework; name = CoreGraphics.framework; path = System/Library/Frameworks/CoreGraphics.framework; sourceTree = SDKROOT; };
		64F8EEE2158F6DEA007DBAF2 /* iOS_AR_Ch3_LocationServices-Info.plist */ = {isa = PBXFileReference; path = "iOS_AR_Ch3_LocationServices-Info.plist"; sourceTree = "<group>"; };
		64F8EEE4158F6DEA007DBAF2 /* en */ = {isa = PBXFileReference; lastKnownFileType = text.plist.strings; name = en; path = en.lproj/InfoPlist.strings; sourceTree = "<group>"; };
		64F8EEE6158F6DEA007DBAF2 /* main.m */ = {isa = PBXFileReference; lastKnownFileType = sourcecode.c.objc; path = main.m; sourceTree = "<group>"; };
		64F8EEE8158F6DEA007DBAF2 /* iOS_AR_Ch3_LocationServices-Prefix.pch */ = {isa = PBXFileReference; path = "iOS_AR_Ch3_LocationServices-Prefix.pch"; sourceTree = "<group>"; };
		64F8EEE9158F6DEA007DBAF2 /* AppDelegate.h */ = {isa = PBXFileReference; path = AppDelegate.h; sourceTree = "<group>"; };
		64F8EEEA158F6DEA007DBAF2 /* AppDelegate.m */ = {isa = PBXFileReference; lastKnownFileType = sourcecode.c.objc; path = AppDelegate.m; sourceTree = "<group>"; };
		64F8EEEC158F6DEA007DBAF2 /* FirstViewController.h */ = {isa = PBXFileReference; path = FirstViewController.h; sourceTree = "<group>"; };
		64F8EEED158F6DEA007DBAF2 /* FirstViewController.m */ = {isa = PBXFileReference; lastKnownFileType = sourcecode.c.objc; path = FirstViewController.m; sourceTree = "<group>"; };
		64F8EEEF158F6DEA007DBAF2 /* first.png */ = {isa = PBXFileReference; lastKnownFileType = image.png; path = first.png; sourceTree = "<group>"; };
		64F8EEF1158F6DEA007DBAF2 /* first@2x.png */ = {isa = PBXFileReference; lastKnownFileType = image.png; path = "first@2x.png"; sourceTree = "<group>"; };
		64F8EEF3158F6DEA007DBAF2 /* SecondViewController.h */ = {isa = PBXFileReference; path = SecondViewController.h; sourceTree = "<group>"; };
		64F8EEF4158F6DEA007DBAF2 /* SecondViewController.m */ = {isa = PBXFileReference; lastKnownFileType = sourcecode.c.objc; path = SecondViewController.m; sourceTree = "<group>"; };
		64F8EEF6158F6DEA007DBAF2 /* second.png */ = {isa = PBXFileReference; lastKnownFileType = image.png; path = second.png; sourceTree = "<group>"; };
		64F8EEF8158F6DEA007DBAF2 /* second@2x.png */ = {isa = PBXFileReference; lastKnownFileType = image.png; path = "second@2x.png"; sourceTree = "<group>"; };
		64F8EEFB158F6DEA007DBAF2 /* en */ = {isa = PBXFileReference; lastKnownFileType = file.xib; name = en; path = en.lproj/FirstViewController.xib; sourceTree = "<group>"; };
		64F8EEFE158F6DEA007DBAF2 /* en */ = {isa = PBXFileReference; lastKnownFileType = file.xib; name = en; path = en.lproj/SecondViewController.xib; sourceTree = "<group>"; };
/* End PBXFileReference section */

/* Begin PBXFrameworksBuildPhase section */
		64F8EED3158F6DEA007DBAF2 /* Frameworks */ = {
			isa = PBXFrameworksBuildPhase;
			buildActionMask = 2147483647;
			files = (
				64F8EEDB158F6DEA007DBAF2 /* UIKit.framework in Frameworks */,
				64F8EEDD158F6DEA007DBAF2 /* Foundation.framework in Frameworks */,
				64F8EEDF158F6DEA007DBAF2 /* CoreGraphics.framework in Frameworks */,
			);
			runOnlyForDeploymentPostprocessing = 0;
		};
/* End PBXFrameworksBuildPhase section */

/* Begin PBXGroup section */
		64F8EECB158F6DE9007DBAF2 = {
			isa = PBXGroup;
			children = (
				64F8EEE0158F6DEA007DBAF2 /* iOS_AR_Ch3_LocationServices */,
				64F8EED9158F6DEA007DBAF2 /* Frameworks */,
				64F8EED7158F6DEA007DBAF2 /* Products */,
			);
			sourceTree = "<group>";
		};
		64F8EED7158F6DEA007DBAF2 /* Products */ = {
			isa = PBXGroup;
			children = (
				64F8EED6158F6DEA007DBAF2 /* iOS_AR_Ch3_LocationServices.app */,
			);
			name = Products;
			sourceTree = "<group>";
		};
		64F8EED9158F6DEA007DBAF2 /* Frameworks */ = {
			isa = PBXGroup;
			children = (
				64F8EEDA158F6DEA007DBAF2 /* UIKit.framework */,
				64F8EEDC158F6DEA007DBAF2 /* Foundation.framework */,
				64F8EEDE158F6DEA007DBAF2 /* CoreGraphics.framework */,
			);
			name = Frameworks;
			sourceTree = "<group>";
		};
		64F8EEE0158F6DEA007DBAF2 /* iOS_AR_Ch3_LocationServices */ = {
			isa = PBXGroup;
			children = (
				64F8EEE9158F6DEA007DBAF2 /* AppDelegate.h */,
				64F8EEEA158F6DEA007DBAF2 /* AppDelegate.m */,
				64F8EEEC158F6DEA007DBAF2 /* FirstViewController.h */,
				64F8EEED158F6DEA007DBAF2 /* FirstViewController.m */,
				64F8EEEF158F6DEA007DBAF2 /* first.png */,
				64F8EEF1158F6DEA007DBAF2 /* first@2x.png */,
				64F8EEF3158F6DEA007DBAF2 /* SecondViewController.h */,
				64F8EEF4158F6DEA007DBAF2 /* SecondViewController.m */,
				64F8EEF6158F6DEA007DBAF2 /* second.png */,
				64F8EEF8158F6DEA007DBAF2 /* second@2x.png */,
				64F8EEFA158F6DEA007DBAF2 /* FirstViewController.xib */,
				64F8EEFD158F6DEA007DBAF2 /* SecondViewController.xib */,
				64F8EEE1158F6DEA007DBAF2 /* Supporting Files */,
			);
			path = iOS_AR_Ch3_LocationServices;
			sourceTree = "<group>";
		};
		64F8EEE1158F6DEA007DBAF2 /* Supporting Files */ = {
			isa = PBXGroup;
			children = (
				64F8EEE2158F6DEA007DBAF2 /* iOS_AR_Ch3_LocationServices-Info.plist */,
				64F8EEE3158F6DEA007DBAF2 /* InfoPlist.strings */,
				64F8EEE6158F6DEA007DBAF2 /* main.m */,
				64F8EEE8158F6DEA007DBAF2 /* iOS_AR_Ch3_LocationServices-Prefix.pch */,
			);
			name = "Supporting Files";
			sourceTree = "<group>";
		};
/* End PBXGroup section */

/* Begin PBXNativeTarget section */
		64F8EED5158F6DEA007DBAF2 /* iOS_AR_Ch3_LocationServices */ = {
			isa = PBXNativeTarget;
			buildConfigurationList = 64F8EF02158F6DEA007DBAF2 /* Build configuration list for PBXNativeTarget "iOS_AR_Ch3_LocationServices" */;
			buildPhases = (
				64F8EED2158F6DEA007DBAF2 /* Sources */,
				64F8EED3158F6DEA007DBAF2 /* Frameworks */,
				64F8EED4158F6DEA007DBAF2 /* Resources */,
			);
			buildRules = (
			);
			dependencies = (
			);
			name = iOS_AR_Ch3_LocationServices;
			productName = iOS_AR_Ch3_LocationServices;
			productReference = 64F8EED6158F6DEA007DBAF2 /* iOS_AR_Ch3_LocationServices.app */;
			productType = "com.apple.product-type.application";
		};
/* End PBXNativeTarget section */

/* Begin PBXProject section */
		64F8EECD158F6DE9007DBAF2 /* Project object */ = {
			isa = PBXProject;
			attributes = {
				LastUpgradeCheck = 0430;
				ORGANIZATIONNAME = Agilex;
			};
			buildConfigurationList = 64F8EED0158F6DE9007DBAF2 /* Build configuration list for PBXProject "iOS_AR_Ch3_LocationServices" */;
			compatibilityVersion = "Xcode 3.2";
			developmentRegion = English;
			hasScannedForEncodings = 0;
			knownRegions = (
				en,
			);
			mainGroup = 64F8EECB158F6DE9007DBAF2;
			productRefGroup = 64F8EED7158F6DEA007DBAF2 /* Products */;
			projectDirPath = "";
			projectRoot = "";
			targets = (
				64F8EED5158F6DEA007DBAF2 /* iOS_AR_Ch3_LocationServices */,
			);
		};
/* End PBXProject section */

/* Begin PBXResourcesBuildPhase section */
		64F8EED4158F6DEA007DBAF2 /* Resources */ = {
			isa = PBXResourcesBuildPhase;
			buildActionMask = 2147483647;
			files = (
				64F8EEE5158F6DEA007DBAF2 /* InfoPlist.strings in Resources */,
				64F8EEF0158F6DEA007DBAF2 /* first.png in Resources */,
				64F8EEF2158F6DEA007DBAF2 /* first@2x.png in Resources */,
				64F8EEF7158F6DEA007DBAF2 /* second.png in Resources */,
				64F8EEF9158F6DEA007DBAF2 /* second@2x.png in Resources */,
				64F8EEFC158F6DEA007DBAF2 /* FirstViewController.xib in Resources */,
				64F8EEFF158F6DEA007DBAF2 /* SecondViewController.xib in Resources */,
			);
			runOnlyForDeploymentPostprocessing = 0;
		};
/* End PBXResourcesBuildPhase section */

/* Begin PBXSourcesBuildPhase section */
		64F8EED2158F6DEA007DBAF2 /* Sources */ = {
			isa = PBXSourcesBuildPhase;
			buildActionMask = 2147483647;
			files = (
				64F8EEE7158F6DEA007DBAF2 /* main.m in Sources */,
				64F8EEEB158F6DEA007DBAF2 /* AppDelegate.m in Sources */,
				64F8EEEE158F6DEA007DBAF2 /* FirstViewController.m in Sources */,
				64F8EEF5158F6DEA007DBAF2 /* SecondViewController.m in Sources */,
			);
			runOnlyForDeploymentPostprocessing = 0;
		};
/* End PBXSourcesBuildPhase section */

/* Begin PBXVariantGroup section */
		64F8EEE3158F6DEA007DBAF2 /* InfoPlist.strings */ = {
			isa = PBXVariantGroup;
			children = (
				64F8EEE4158F6DEA007DBAF2 /* en */,
			);
			name = InfoPlist.strings;
			sourceTree = "<group>";
		};
		64F8EEFA158F6DEA007DBAF2 /* FirstViewController.xib */ = {
			isa = PBXVariantGroup;
			children = (
				64F8EEFB158F6DEA007DBAF2 /* en */,
			);
			name = FirstViewController.xib;
			sourceTree = "<group>";
		};
		64F8EEFD158F6DEA007DBAF2 /* SecondViewController.xib */ = {
			isa = PBXVariantGroup;
			children = (
				64F8EEFE158F6DEA007DBAF2 /* en */,
			);
			name = SecondViewController.xib;
			sourceTree = "<group>";
		};
/* End PBXVariantGroup section */

/* Begin XCBuildConfiguration section */
		64F8EF00158F6DEA007DBAF2 /* Debug */ = {
			isa = XCBuildConfiguration;
			buildSettings = {
				ALWAYS_SEARCH_USER_PATHS = NO;
				ARCHS = "$(ARCHS_STANDARD_32_BIT)";
				"CODE_SIGN_IDENTITY[sdk=iphoneos*]" = "iPhone Developer";
				COPY_PHASE_STRIP = NO;
				GCC_C_LANGUAGE_STANDARD = gnu99;
				GCC_DYNAMIC_NO_PIC = NO;
				GCC_OPTIMIZATION_LEVEL = 0;
				GCC_PREPROCESSOR_DEFINITIONS = (
					"DEBUG=1",
					"$(inherited)",
				);
				GCC_SYMBOLS_PRIVATE_EXTERN = NO;
				GCC_VERSION = com.apple.compilers.llvm.clang.1_0;
				GCC_WARN_ABOUT_RETURN_TYPE = YES;
				GCC_WARN_UNINITIALIZED_AUTOS = YES;
				GCC_WARN_UNUSED_VARIABLE = YES;
				IPHONEOS_DEPLOYMENT_TARGET = 5.1;
				SDKROOT = iphoneos;
			};
			name = Debug;
		};
		64F8EF01158F6DEA007DBAF2 /* Release */ = {
			isa = XCBuildConfiguration;
			buildSettings = {
				ALWAYS_SEARCH_USER_PATHS = NO;
				ARCHS = "$(ARCHS_STANDARD_32_BIT)";
				"CODE_SIGN_IDENTITY[sdk=iphoneos*]" = "iPhone Developer";
				COPY_PHASE_STRIP = YES;
				GCC_C_LANGUAGE_STANDARD = gnu99;
				GCC_VERSION = com.apple.compilers.llvm.clang.1_0;
				GCC_WARN_ABOUT_RETURN_TYPE = YES;
				GCC_WARN_UNINITIALIZED_AUTOS = YES;
				GCC_WARN_UNUSED_VARIABLE = YES;
				IPHONEOS_DEPLOYMENT_TARGET = 5.1;
				OTHER_CFLAGS = "-DNS_BLOCK_ASSERTIONS=1";
				SDKROOT = iphoneos;
				VALIDATE_PRODUCT = YES;
			};
			name = Release;
		};
		64F8EF03158F6DEA007DBAF2 /* Debug */ = {
			isa = XCBuildConfiguration;
			buildSettings = {
				GCC_PRECOMPILE_PREFIX_HEADER = YES;
				GCC_PREFIX_HEADER = "iOS_AR_Ch3_LocationServices/iOS_AR_Ch3_LocationServices-Prefix.pch";
				INFOPLIST_FILE = "iOS_AR_Ch3_LocationServices/iOS_AR_Ch3_LocationServices-Info.plist";
				PRODUCT_NAME = "$(TARGET_NAME)";
				WRAPPER_EXTENSION = app;
			};
			name = Debug;
		};
		64F8EF04158F6DEA007DBAF2 /* Release */ = {
			isa = XCBuildConfiguration;
			buildSettings = {
				GCC_PRECOMPILE_PREFIX_HEADER = YES;
				GCC_PREFIX_HEADER = "iOS_AR_Ch3_LocationServices/iOS_AR_Ch3_LocationServices-Prefix.pch";
				INFOPLIST_FILE = "iOS_AR_Ch3_LocationServices/iOS_AR_Ch3_LocationServices-Info.plist";
				PRODUCT_NAME = "$(TARGET_NAME)";
				WRAPPER_EXTENSION = app;
			};
			name = Release;
		};
/* End XCBuildConfiguration section */

/* Begin XCConfigurationList section */
		64F8EED0158F6DE9007DBAF2 /* Build configuration list for PBXProject "iOS_AR_Ch3_LocationServices" */ = {
			isa = XCConfigurationList;
			buildConfigurations = (
				64F8EF00158F6DEA007DBAF2 /* Debug */,
				64F8EF01158F6DEA007DBAF2 /* Release */,
			);
			defaultConfigurationIsVisible = 0;
			defaultConfigurationName = Release;
		};
		64F8EF02158F6DEA007DBAF2 /* Build configuration list for PBXNativeTarget "iOS_AR_Ch3_LocationServices" */ = {
			isa = XCConfigurationList;
			buildConfigurations = (
				64F8EF03158F6DEA007DBAF2 /* Debug */,
				64F8EF04158F6DEA007DBAF2 /* Release */,
			);
			defaultConfigurationIsVisible = 0;
		};
/* End XCConfigurationList section */
	};
	rootObject = 64F8EECD158F6DE9007DBAF2 /* Project object */;
}
